
Microsoft Visual Studio Solution File, Format Version 12.00
# Visual Studio 15
VisualStudioVersion = 15.0.28010.2036
MinimumVisualStudioVersion = 10.0.40219.1
Project("{FAE04EC0-301F-11D3-BF4B-00C04F79EFBC}") = "Visib.Api", "Visib.Api\Visib.Api.csproj", "{EB0FFA46-ED36-45B0-BD3A-C7346DFB4099}"
EndProject
Global
	GlobalSection(SolutionConfigurationPlatforms) = preSolution
		Debug|Any CPU = Debug|Any CPU
		Release|Any CPU = Release|Any CPU
	EndGlobalSection
	GlobalSection(ProjectConfigurationPlatforms) = postSolution
		{EB0FFA46-ED36-45B0-BD3A-C7346DFB4099}.Debug|Any CPU.ActiveCfg = Debug|Any CPU
		{EB0FFA46-ED36-45B0-BD3A-C7346DFB4099}.Debug|Any CPU.Build.0 = Debug|Any CPU
		{EB0FFA46-ED36-45B0-BD3A-C7346DFB4099}.Release|Any CPU.ActiveCfg = Release|Any CPU
		{EB0FFA46-ED36-45B0-BD3A-C7346DFB4099}.Release|Any CPU.Build.0 = Release|Any CPU
	EndGlobalSection
	GlobalSection(SolutionProperties) = preSolution
		HideSolutionNode = FALSE
	EndGlobalSection
	GlobalSection(ExtensibilityGlobals) = postSolution
		SolutionGuid = {E5195329-3F51-497F-8446-15C925E80DFD}
	EndGlobalSection
EndGlobal
